
Microsoft Visual Studio Solution File, Format Version 12.00
# Visual Studio Version 16
VisualStudioVersion = 16.0.30717.126
MinimumVisualStudioVersion = 10.0.40219.1
Project("{9A19103F-16F7-4668-BE54-9A1E7A4F7556}") = "PollBall", "PollBall\PollBall.csproj", "{BD60F050-BB9A-4D0A-88A7-AC9E7AF96764}"
EndProject
Global
	GlobalSection(SolutionConfigurationPlatforms) = preSolution
		Debug|Any CPU = Debug|Any CPU
		Release|Any CPU = Release|Any CPU
	EndGlobalSection
	GlobalSection(ProjectConfigurationPlatforms) = postSolution
		{BD60F050-BB9A-4D0A-88A7-AC9E7AF96764}.Debug|Any CPU.ActiveCfg = Debug|Any CPU
		{BD60F050-BB9A-4D0A-88A7-AC9E7AF96764}.Debug|Any CPU.Build.0 = Debug|Any CPU
		{BD60F050-BB9A-4D0A-88A7-AC9E7AF96764}.Release|Any CPU.ActiveCfg = Release|Any CPU
		{BD60F050-BB9A-4D0A-88A7-AC9E7AF96764}.Release|Any CPU.Build.0 = Release|Any CPU
	EndGlobalSection
	GlobalSection(SolutionProperties) = preSolution
		HideSolutionNode = FALSE
	EndGlobalSection
	GlobalSection(ExtensibilityGlobals) = postSolution
		SolutionGuid = {7111DC87-7AF8-4C19-B9A2-B7D8FFAC0995}
	EndGlobalSection
EndGlobal
